
Microsoft Visual Studio Solution File, Format Version 12.00
# Visual Studio Version 17
VisualStudioVersion = 17.4.33103.184
MinimumVisualStudioVersion = 10.0.40219.1
Project("{FAE04EC0-301F-11D3-BF4B-00C04F79EFBC}") = "GuessNumber", "GuessNumber\GuessNumber.csproj", "{ECD74FC1-D615-4A4C-A8EE-68AFAE34E35D}"
EndProject
Global
	GlobalSection(SolutionConfigurationPlatforms) = preSolution
		Debug|Any CPU = Debug|Any CPU
		Release|Any CPU = Release|Any CPU
	EndGlobalSection
	GlobalSection(ProjectConfigurationPlatforms) = postSolution
		{ECD74FC1-D615-4A4C-A8EE-68AFAE34E35D}.Debug|Any CPU.ActiveCfg = Debug|Any CPU
		{ECD74FC1-D615-4A4C-A8EE-68AFAE34E35D}.Debug|Any CPU.Build.0 = Debug|Any CPU
		{ECD74FC1-D615-4A4C-A8EE-68AFAE34E35D}.Release|Any CPU.ActiveCfg = Release|Any CPU
		{ECD74FC1-D615-4A4C-A8EE-68AFAE34E35D}.Release|Any CPU.Build.0 = Release|Any CPU
	EndGlobalSection
	GlobalSection(SolutionProperties) = preSolution
		HideSolutionNode = FALSE
	EndGlobalSection
	GlobalSection(ExtensibilityGlobals) = postSolution
		SolutionGuid = {A694A719-F89D-40A6-9F92-18EB335873C1}
	EndGlobalSection
EndGlobal
