
Microsoft Visual Studio Solution File, Format Version 12.00
# Visual Studio Version 17
VisualStudioVersion = 17.4.33103.184
MinimumVisualStudioVersion = 10.0.40219.1
Project("{FAE04EC0-301F-11D3-BF4B-00C04F79EFBC}") = "OOPClass", "OOPClass\OOPClass.csproj", "{FB78C1AF-B59F-4FB1-AE54-F7FEFCD55AFE}"
EndProject
Global
	GlobalSection(SolutionConfigurationPlatforms) = preSolution
		Debug|Any CPU = Debug|Any CPU
		Release|Any CPU = Release|Any CPU
	EndGlobalSection
	GlobalSection(ProjectConfigurationPlatforms) = postSolution
		{FB78C1AF-B59F-4FB1-AE54-F7FEFCD55AFE}.Debug|Any CPU.ActiveCfg = Debug|Any CPU
		{FB78C1AF-B59F-4FB1-AE54-F7FEFCD55AFE}.Debug|Any CPU.Build.0 = Debug|Any CPU
		{FB78C1AF-B59F-4FB1-AE54-F7FEFCD55AFE}.Release|Any CPU.ActiveCfg = Release|Any CPU
		{FB78C1AF-B59F-4FB1-AE54-F7FEFCD55AFE}.Release|Any CPU.Build.0 = Release|Any CPU
	EndGlobalSection
	GlobalSection(SolutionProperties) = preSolution
		HideSolutionNode = FALSE
	EndGlobalSection
	GlobalSection(ExtensibilityGlobals) = postSolution
		SolutionGuid = {3BBA8B51-7888-47D3-A6BE-B71B35C625C3}
	EndGlobalSection
EndGlobal
