
Microsoft Visual Studio Solution File, Format Version 12.00
# Visual Studio Version 17
VisualStudioVersion = 17.4.33103.184
MinimumVisualStudioVersion = 10.0.40219.1
Project("{FAE04EC0-301F-11D3-BF4B-00C04F79EFBC}") = "OOPPolymorphism", "OOPPolymorphism\OOPPolymorphism.csproj", "{721890D0-4BF7-4648-B235-02A035DFA18D}"
EndProject
Global
	GlobalSection(SolutionConfigurationPlatforms) = preSolution
		Debug|Any CPU = Debug|Any CPU
		Release|Any CPU = Release|Any CPU
	EndGlobalSection
	GlobalSection(ProjectConfigurationPlatforms) = postSolution
		{721890D0-4BF7-4648-B235-02A035DFA18D}.Debug|Any CPU.ActiveCfg = Debug|Any CPU
		{721890D0-4BF7-4648-B235-02A035DFA18D}.Debug|Any CPU.Build.0 = Debug|Any CPU
		{721890D0-4BF7-4648-B235-02A035DFA18D}.Release|Any CPU.ActiveCfg = Release|Any CPU
		{721890D0-4BF7-4648-B235-02A035DFA18D}.Release|Any CPU.Build.0 = Release|Any CPU
	EndGlobalSection
	GlobalSection(SolutionProperties) = preSolution
		HideSolutionNode = FALSE
	EndGlobalSection
	GlobalSection(ExtensibilityGlobals) = postSolution
		SolutionGuid = {1CB356F0-5244-47B0-A70C-BED8FBC7C945}
	EndGlobalSection
EndGlobal
